// !$*UTF8*$!
{
	archiveVersion = 1;
	classes = {
	};
	objectVersion = 56;
	objects = {

/* Begin PBXBuildFile section */
		4C2A61A62AF973A500CD5623 /* AppDelegate.swift in Sources */ = {isa = PBXBuildFile; fileRef = 4C2A61A52AF973A500CD5623 /* AppDelegate.swift */; };
		4C2A61A82AF973A500CD5623 /* SceneDelegate.swift in Sources */ = {isa = PBXBuildFile; fileRef = 4C2A61A72AF973A500CD5623 /* SceneDelegate.swift */; };
		4C2A61AA2AF973A500CD5623 /* ViewController.swift in Sources */ = {isa = PBXBuildFile; fileRef = 4C2A61A92AF973A500CD5623 /* ViewController.swift */; };
		4C2A61AD2AF973A500CD5623 /* Main.storyboard in Resources */ = {isa = PBXBuildFile; fileRef = 4C2A61AB2AF973A500CD5623 /* Main.storyboard */; };
		4C2A61AF2AF973A600CD5623 /* Assets.xcassets in Resources */ = {isa = PBXBuildFile; fileRef = 4C2A61AE2AF973A600CD5623 /* Assets.xcassets */; };
		4C2A61B22AF973A600CD5623 /* LaunchScreen.storyboard in Resources */ = {isa = PBXBuildFile; fileRef = 4C2A61B02AF973A600CD5623 /* LaunchScreen.storyboard */; };
		4C61594A2AFD920D00632511 /* Post.swift in Sources */ = {isa = PBXBuildFile; fileRef = 4C6159492AFD920D00632511 /* Post.swift */; };
		4C61594E2AFD941F00632511 /* CategoryCell.swift in Sources */ = {isa = PBXBuildFile; fileRef = 4C61594D2AFD941F00632511 /* CategoryCell.swift */; };
		4C8D7AA72AF9776A00A68537 /* LoginViewController.swift in Sources */ = {isa = PBXBuildFile; fileRef = 4C8D7AA62AF9776A00A68537 /* LoginViewController.swift */; };
		4C8D7AA92AF977BE00A68537 /* RegistrationViewController.swift in Sources */ = {isa = PBXBuildFile; fileRef = 4C8D7AA82AF977BE00A68537 /* RegistrationViewController.swift */; };
		4C9665FD2AFB2D3600B7774F /* HomeViewController.swift in Sources */ = {isa = PBXBuildFile; fileRef = 4C9665FC2AFB2D3600B7774F /* HomeViewController.swift */; };
		4CF7276E2AF9A03200541D77 /* User.swift in Sources */ = {isa = PBXBuildFile; fileRef = 4CF7276D2AF9A03200541D77 /* User.swift */; };
		4CF727702AF9A5E200541D77 /* UserData.swift in Sources */ = {isa = PBXBuildFile; fileRef = 4CF7276F2AF9A5E200541D77 /* UserData.swift */; };
		4CF727742AF9A68800541D77 /* Category.swift in Sources */ = {isa = PBXBuildFile; fileRef = 4CF727732AF9A68800541D77 /* Category.swift */; };
/* End PBXBuildFile section */

/* Begin PBXFileReference section */
		4C2A61A22AF973A500CD5623 /* postCrate.app */ = {isa = PBXFileReference; explicitFileType = wrapper.application; includeInIndex = 0; path = postCrate.app; sourceTree = BUILT_PRODUCTS_DIR; };
		4C2A61A52AF973A500CD5623 /* AppDelegate.swift */ = {isa = PBXFileReference; lastKnownFileType = sourcecode.swift; path = AppDelegate.swift; sourceTree = "<group>"; };
		4C2A61A72AF973A500CD5623 /* SceneDelegate.swift */ = {isa = PBXFileReference; lastKnownFileType = sourcecode.swift; path = SceneDelegate.swift; sourceTree = "<group>"; };
		4C2A61A92AF973A500CD5623 /* ViewController.swift */ = {isa = PBXFileReference; lastKnownFileType = sourcecode.swift; path = ViewController.swift; sourceTree = "<group>"; };
		4C2A61AC2AF973A500CD5623 /* Base */ = {isa = PBXFileReference; lastKnownFileType = file.storyboard; name = Base; path = Base.lproj/Main.storyboard; sourceTree = "<group>"; };
		4C2A61AE2AF973A600CD5623 /* Assets.xcassets */ = {isa = PBXFileReference; lastKnownFileType = folder.assetcatalog; path = Assets.xcassets; sourceTree = "<group>"; };
		4C2A61B12AF973A600CD5623 /* Base */ = {isa = PBXFileReference; lastKnownFileType = file.storyboard; name = Base; path = Base.lproj/LaunchScreen.storyboard; sourceTree = "<group>"; };
		4C2A61B32AF973A600CD5623 /* Info.plist */ = {isa = PBXFileReference; lastKnownFileType = text.plist.xml; path = Info.plist; sourceTree = "<group>"; };
		4C6159492AFD920D00632511 /* Post.swift */ = {isa = PBXFileReference; lastKnownFileType = sourcecode.swift; path = Post.swift; sourceTree = "<group>"; };
		4C61594D2AFD941F00632511 /* CategoryCell.swift */ = {isa = PBXFileReference; lastKnownFileType = sourcecode.swift; path = CategoryCell.swift; sourceTree = "<group>"; };
		4C8D7AA62AF9776A00A68537 /* LoginViewController.swift */ = {isa = PBXFileReference; lastKnownFileType = sourcecode.swift; path = LoginViewController.swift; sourceTree = "<group>"; };
		4C8D7AA82AF977BE00A68537 /* RegistrationViewController.swift */ = {isa = PBXFileReference; lastKnownFileType = sourcecode.swift; path = RegistrationViewController.swift; sourceTree = "<group>"; };
		4C9665FC2AFB2D3600B7774F /* HomeViewController.swift */ = {isa = PBXFileReference; lastKnownFileType = sourcecode.swift; path = HomeViewController.swift; sourceTree = "<group>"; };
		4CF7276D2AF9A03200541D77 /* User.swift */ = {isa = PBXFileReference; lastKnownFileType = sourcecode.swift; path = User.swift; sourceTree = "<group>"; };
		4CF7276F2AF9A5E200541D77 /* UserData.swift */ = {isa = PBXFileReference; lastKnownFileType = sourcecode.swift; path = UserData.swift; sourceTree = "<group>"; };
		4CF727732AF9A68800541D77 /* Category.swift */ = {isa = PBXFileReference; lastKnownFileType = sourcecode.swift; path = Category.swift; sourceTree = "<group>"; };
/* End PBXFileReference section */

/* Begin PBXFrameworksBuildPhase section */
		4C2A619F2AF973A500CD5623 /* Frameworks */ = {
			isa = PBXFrameworksBuildPhase;
			buildActionMask = 2147483647;
			files = (
			);
			runOnlyForDeploymentPostprocessing = 0;
		};
/* End PBXFrameworksBuildPhase section */

/* Begin PBXGroup section */
		4C2A61992AF973A500CD5623 = {
			isa = PBXGroup;
			children = (
				4C6159492AFD920D00632511 /* Post.swift */,
				4C2A61A42AF973A500CD5623 /* postCrate */,
				4C2A61A32AF973A500CD5623 /* Products */,
			);
			sourceTree = "<group>";
		};
		4C2A61A32AF973A500CD5623 /* Products */ = {
			isa = PBXGroup;
			children = (
				4C2A61A22AF973A500CD5623 /* postCrate.app */,
			);
			name = Products;
			sourceTree = "<group>";
		};
		4C2A61A42AF973A500CD5623 /* postCrate */ = {
			isa = PBXGroup;
			children = (
				4C2A61A52AF973A500CD5623 /* AppDelegate.swift */,
				4C2A61A72AF973A500CD5623 /* SceneDelegate.swift */,
				4C2A61A92AF973A500CD5623 /* ViewController.swift */,
				4C2A61AB2AF973A500CD5623 /* Main.storyboard */,
				4C61594D2AFD941F00632511 /* CategoryCell.swift */,
				4C9665FC2AFB2D3600B7774F /* HomeViewController.swift */,
				4CF7276D2AF9A03200541D77 /* User.swift */,
				4CF7276F2AF9A5E200541D77 /* UserData.swift */,
				4CF727732AF9A68800541D77 /* Category.swift */,
				4C8D7AA82AF977BE00A68537 /* RegistrationViewController.swift */,
				4C8D7AA62AF9776A00A68537 /* LoginViewController.swift */,
				4C2A61AE2AF973A600CD5623 /* Assets.xcassets */,
				4C2A61B02AF973A600CD5623 /* LaunchScreen.storyboard */,
				4C2A61B32AF973A600CD5623 /* Info.plist */,
			);
			path = postCrate;
			sourceTree = "<group>";
		};
/* End PBXGroup section */

/* Begin PBXNativeTarget section */
		4C2A61A12AF973A500CD5623 /* postCrate */ = {
			isa = PBXNativeTarget;
			buildConfigurationList = 4C2A61B62AF973A600CD5623 /* Build configuration list for PBXNativeTarget "postCrate" */;
			buildPhases = (
				4C2A619E2AF973A500CD5623 /* Sources */,
				4C2A619F2AF973A500CD5623 /* Frameworks */,
				4C2A61A02AF973A500CD5623 /* Resources */,
			);
			buildRules = (
			);
			dependencies = (
			);
			name = postCrate;
			productName = postCrate;
			productReference = 4C2A61A22AF973A500CD5623 /* postCrate.app */;
			productType = "com.apple.product-type.application";
		};
/* End PBXNativeTarget section */

/* Begin PBXProject section */
		4C2A619A2AF973A500CD5623 /* Project object */ = {
			isa = PBXProject;
			attributes = {
				BuildIndependentTargetsInParallel = 1;
				LastSwiftUpdateCheck = 1500;
				LastUpgradeCheck = 1500;
				TargetAttributes = {
					4C2A61A12AF973A500CD5623 = {
						CreatedOnToolsVersion = 15.0.1;
					};
				};
			};
			buildConfigurationList = 4C2A619D2AF973A500CD5623 /* Build configuration list for PBXProject "postCrate" */;
			compatibilityVersion = "Xcode 14.0";
			developmentRegion = en;
			hasScannedForEncodings = 0;
			knownRegions = (
				en,
				Base,
			);
			mainGroup = 4C2A61992AF973A500CD5623;
			productRefGroup = 4C2A61A32AF973A500CD5623 /* Products */;
			projectDirPath = "";
			projectRoot = "";
			targets = (
				4C2A61A12AF973A500CD5623 /* postCrate */,
			);
		};
/* End PBXProject section */

/* Begin PBXResourcesBuildPhase section */
		4C2A61A02AF973A500CD5623 /* Resources */ = {
			isa = PBXResourcesBuildPhase;
			buildActionMask = 2147483647;
			files = (
				4C2A61B22AF973A600CD5623 /* LaunchScreen.storyboard in Resources */,
				4C2A61AF2AF973A600CD5623 /* Assets.xcassets in Resources */,
				4C2A61AD2AF973A500CD5623 /* Main.storyboard in Resources */,
			);
			runOnlyForDeploymentPostprocessing = 0;
		};
/* End PBXResourcesBuildPhase section */

/* Begin PBXSourcesBuildPhase section */
		4C2A619E2AF973A500CD5623 /* Sources */ = {
			isa = PBXSourcesBuildPhase;
			buildActionMask = 2147483647;
			files = (
				4C8D7AA72AF9776A00A68537 /* LoginViewController.swift in Sources */,
				4C2A61AA2AF973A500CD5623 /* ViewController.swift in Sources */,
				4CF727702AF9A5E200541D77 /* UserData.swift in Sources */,
				4CF7276E2AF9A03200541D77 /* User.swift in Sources */,
				4C2A61A62AF973A500CD5623 /* AppDelegate.swift in Sources */,
				4C9665FD2AFB2D3600B7774F /* HomeViewController.swift in Sources */,
				4C2A61A82AF973A500CD5623 /* SceneDelegate.swift in Sources */,
				4C8D7AA92AF977BE00A68537 /* RegistrationViewController.swift in Sources */,
				4CF727742AF9A68800541D77 /* Category.swift in Sources */,
				4C61594A2AFD920D00632511 /* Post.swift in Sources */,
				4C61594E2AFD941F00632511 /* CategoryCell.swift in Sources */,
			);
			runOnlyForDeploymentPostprocessing = 0;
		};
/* End PBXSourcesBuildPhase section */

/* Begin PBXVariantGroup section */
		4C2A61AB2AF973A500CD5623 /* Main.storyboard */ = {
			isa = PBXVariantGroup;
			children = (
				4C2A61AC2AF973A500CD5623 /* Base */,
			);
			name = Main.storyboard;
			sourceTree = "<group>";
		};
		4C2A61B02AF973A600CD5623 /* LaunchScreen.storyboard */ = {
			isa = PBXVariantGroup;
			children = (
				4C2A61B12AF973A600CD5623 /* Base */,
			);
			name = LaunchScreen.storyboard;
			sourceTree = "<group>";
		};
/* End PBXVariantGroup section */

/* Begin XCBuildConfiguration section */
		4C2A61B42AF973A600CD5623 /* Debug */ = {
			isa = XCBuildConfiguration;
			buildSettings = {
				ALWAYS_SEARCH_USER_PATHS = NO;
				ASSETCATALOG_COMPILER_GENERATE_SWIFT_ASSET_SYMBOL_EXTENSIONS = YES;
				CLANG_ANALYZER_NONNULL = YES;
				CLANG_ANALYZER_NUMBER_OBJECT_CONVERSION = YES_AGGRESSIVE;
				CLANG_CXX_LANGUAGE_STANDARD = "gnu++20";
				CLANG_ENABLE_MODULES = YES;
				CLANG_ENABLE_OBJC_ARC = YES;
				CLANG_ENABLE_OBJC_WEAK = YES;
				CLANG_WARN_BLOCK_CAPTURE_AUTORELEASING = YES;
				CLANG_WARN_BOOL_CONVERSION = YES;
				CLANG_WARN_COMMA = YES;
				CLANG_WARN_CONSTANT_CONVERSION = YES;
				CLANG_WARN_DEPRECATED_OBJC_IMPLEMENTATIONS = YES;
				CLANG_WARN_DIRECT_OBJC_ISA_USAGE = YES_ERROR;
				CLANG_WARN_DOCUMENTATION_COMMENTS = YES;
				CLANG_WARN_EMPTY_BODY = YES;
				CLANG_WARN_ENUM_CONVERSION = YES;
				CLANG_WARN_INFINITE_RECURSION = YES;
				CLANG_WARN_INT_CONVERSION = YES;
				CLANG_WARN_NON_LITERAL_NULL_CONVERSION = YES;
				CLANG_WARN_OBJC_IMPLICIT_RETAIN_SELF = YES;
				CLANG_WARN_OBJC_LITERAL_CONVERSION = YES;
				CLANG_WARN_OBJC_ROOT_CLASS = YES_ERROR;
				CLANG_WARN_QUOTED_INCLUDE_IN_FRAMEWORK_HEADER = YES;
				CLANG_WARN_RANGE_LOOP_ANALYSIS = YES;
				CLANG_WARN_STRICT_PROTOTYPES = YES;
				CLANG_WARN_SUSPICIOUS_MOVE = YES;
				CLANG_WARN_UNGUARDED_AVAILABILITY = YES_AGGRESSIVE;
				CLANG_WARN_UNREACHABLE_CODE = YES;
				CLANG_WARN__DUPLICATE_METHOD_MATCH = YES;
				COPY_PHASE_STRIP = NO;
				DEBUG_INFORMATION_FORMAT = dwarf;
				ENABLE_STRICT_OBJC_MSGSEND = YES;
				ENABLE_TESTABILITY = YES;
				ENABLE_USER_SCRIPT_SANDBOXING = YES;
				GCC_C_LANGUAGE_STANDARD = gnu17;
				GCC_DYNAMIC_NO_PIC = NO;
				GCC_NO_COMMON_BLOCKS = YES;
				GCC_OPTIMIZATION_LEVEL = 0;
				GCC_PREPROCESSOR_DEFINITIONS = (
					"DEBUG=1",
					"$(inherited)",
				);
				GCC_WARN_64_TO_32_BIT_CONVERSION = YES;
				GCC_WARN_ABOUT_RETURN_TYPE = YES_ERROR;
				GCC_WARN_UNDECLARED_SELECTOR = YES;
				GCC_WARN_UNINITIALIZED_AUTOS = YES_AGGRESSIVE;
				GCC_WARN_UNUSED_FUNCTION = YES;
				GCC_WARN_UNUSED_VARIABLE = YES;
				IPHONEOS_DEPLOYMENT_TARGET = 17.0;
				LOCALIZATION_PREFERS_STRING_CATALOGS = YES;
				MTL_ENABLE_DEBUG_INFO = INCLUDE_SOURCE;
				MTL_FAST_MATH = YES;
				ONLY_ACTIVE_ARCH = YES;
				SDKROOT = iphoneos;
				SWIFT_ACTIVE_COMPILATION_CONDITIONS = "DEBUG $(inherited)";
				SWIFT_OPTIMIZATION_LEVEL = "-Onone";
			};
			name = Debug;
		};
		4C2A61B52AF973A600CD5623 /* Release */ = {
			isa = XCBuildConfiguration;
			buildSettings = {
				ALWAYS_SEARCH_USER_PATHS = NO;
				ASSETCATALOG_COMPILER_GENERATE_SWIFT_ASSET_SYMBOL_EXTENSIONS = YES;
				CLANG_ANALYZER_NONNULL = YES;
				CLANG_ANALYZER_NUMBER_OBJECT_CONVERSION = YES_AGGRESSIVE;
				CLANG_CXX_LANGUAGE_STANDARD = "gnu++20";
				CLANG_ENABLE_MODULES = YES;
				CLANG_ENABLE_OBJC_ARC = YES;
				CLANG_ENABLE_OBJC_WEAK = YES;
				CLANG_WARN_BLOCK_CAPTURE_AUTORELEASING = YES;
				CLANG_WARN_BOOL_CONVERSION = YES;
				CLANG_WARN_COMMA = YES;
				CLANG_WARN_CONSTANT_CONVERSION = YES;
				CLANG_WARN_DEPRECATED_OBJC_IMPLEMENTATIONS = YES;
				CLANG_WARN_DIRECT_OBJC_ISA_USAGE = YES_ERROR;
				CLANG_WARN_DOCUMENTATION_COMMENTS = YES;
				CLANG_WARN_EMPTY_BODY = YES;
				CLANG_WARN_ENUM_CONVERSION = YES;
				CLANG_WARN_INFINITE_RECURSION = YES;
				CLANG_WARN_INT_CONVERSION = YES;
				CLANG_WARN_NON_LITERAL_NULL_CONVERSION = YES;
				CLANG_WARN_OBJC_IMPLICIT_RETAIN_SELF = YES;
				CLANG_WARN_OBJC_LITERAL_CONVERSION = YES;
				CLANG_WARN_OBJC_ROOT_CLASS = YES_ERROR;
				CLANG_WARN_QUOTED_INCLUDE_IN_FRAMEWORK_HEADER = YES;
				CLANG_WARN_RANGE_LOOP_ANALYSIS = YES;
				CLANG_WARN_STRICT_PROTOTYPES = YES;
				CLANG_WARN_SUSPICIOUS_MOVE = YES;
				CLANG_WARN_UNGUARDED_AVAILABILITY = YES_AGGRESSIVE;
				CLANG_WARN_UNREACHABLE_CODE = YES;
				CLANG_WARN__DUPLICATE_METHOD_MATCH = YES;
				COPY_PHASE_STRIP = NO;
				DEBUG_INFORMATION_FORMAT = "dwarf-with-dsym";
				ENABLE_NS_ASSERTIONS = NO;
				ENABLE_STRICT_OBJC_MSGSEND = YES;
				ENABLE_USER_SCRIPT_SANDBOXING = YES;
				GCC_C_LANGUAGE_STANDARD = gnu17;
				GCC_NO_COMMON_BLOCKS = YES;
				GCC_WARN_64_TO_32_BIT_CONVERSION = YES;
				GCC_WARN_ABOUT_RETURN_TYPE = YES_ERROR;
				GCC_WARN_UNDECLARED_SELECTOR = YES;
				GCC_WARN_UNINITIALIZED_AUTOS = YES_AGGRESSIVE;
				GCC_WARN_UNUSED_FUNCTION = YES;
				GCC_WARN_UNUSED_VARIABLE = YES;
				IPHONEOS_DEPLOYMENT_TARGET = 17.0;
				LOCALIZATION_PREFERS_STRING_CATALOGS = YES;
				MTL_ENABLE_DEBUG_INFO = NO;
				MTL_FAST_MATH = YES;
				SDKROOT = iphoneos;
				SWIFT_COMPILATION_MODE = wholemodule;
				VALIDATE_PRODUCT = YES;
			};
			name = Release;
		};
		4C2A61B72AF973A600CD5623 /* Debug */ = {
			isa = XCBuildConfiguration;
			buildSettings = {
				ASSETCATALOG_COMPILER_APPICON_NAME = AppIcon;
				ASSETCATALOG_COMPILER_GLOBAL_ACCENT_COLOR_NAME = AccentColor;
				CODE_SIGN_STYLE = Automatic;
				CURRENT_PROJECT_VERSION = 1;
				DEVELOPMENT_TEAM = YW2BVK7YSR;
				GENERATE_INFOPLIST_FILE = YES;
				INFOPLIST_FILE = postCrate/Info.plist;
				INFOPLIST_KEY_UIApplicationSupportsIndirectInputEvents = YES;
				INFOPLIST_KEY_UILaunchStoryboardName = LaunchScreen;
				INFOPLIST_KEY_UIMainStoryboardFile = Main;
				INFOPLIST_KEY_UISupportedInterfaceOrientations_iPad = "UIInterfaceOrientationPortrait UIInterfaceOrientationPortraitUpsideDown UIInterfaceOrientationLandscapeLeft UIInterfaceOrientationLandscapeRight";
				INFOPLIST_KEY_UISupportedInterfaceOrientations_iPhone = "UIInterfaceOrientationPortrait UIInterfaceOrientationLandscapeLeft UIInterfaceOrientationLandscapeRight";
				LD_RUNPATH_SEARCH_PATHS = (
					"$(inherited)",
					"@executable_path/Frameworks",
				);
				MARKETING_VERSION = 1.0;
				PRODUCT_BUNDLE_IDENTIFIER = KimberlySejas.postCrate;
				PRODUCT_NAME = "$(TARGET_NAME)";
				SWIFT_EMIT_LOC_STRINGS = YES;
				SWIFT_VERSION = 5.0;
				TARGETED_DEVICE_FAMILY = "1,2";
			};
			name = Debug;
		};
		4C2A61B82AF973A600CD5623 /* Release */ = {
			isa = XCBuildConfiguration;
			buildSettings = {
				ASSETCATALOG_COMPILER_APPICON_NAME = AppIcon;
				ASSETCATALOG_COMPILER_GLOBAL_ACCENT_COLOR_NAME = AccentColor;
				CODE_SIGN_STYLE = Automatic;
				CURRENT_PROJECT_VERSION = 1;
				DEVELOPMENT_TEAM = YW2BVK7YSR;
				GENERATE_INFOPLIST_FILE = YES;
				INFOPLIST_FILE = postCrate/Info.plist;
				INFOPLIST_KEY_UIApplicationSupportsIndirectInputEvents = YES;
				INFOPLIST_KEY_UILaunchStoryboardName = LaunchScreen;
				INFOPLIST_KEY_UIMainStoryboardFile = Main;
				INFOPLIST_KEY_UISupportedInterfaceOrientations_iPad = "UIInterfaceOrientationPortrait UIInterfaceOrientationPortraitUpsideDown UIInterfaceOrientationLandscapeLeft UIInterfaceOrientationLandscapeRight";
				INFOPLIST_KEY_UISupportedInterfaceOrientations_iPhone = "UIInterfaceOrientationPortrait UIInterfaceOrientationLandscapeLeft UIInterfaceOrientationLandscapeRight";
				LD_RUNPATH_SEARCH_PATHS = (
					"$(inherited)",
					"@executable_path/Frameworks",
				);
				MARKETING_VERSION = 1.0;
				PRODUCT_BUNDLE_IDENTIFIER = KimberlySejas.postCrate;
				PRODUCT_NAME = "$(TARGET_NAME)";
				SWIFT_EMIT_LOC_STRINGS = YES;
				SWIFT_VERSION = 5.0;
				TARGETED_DEVICE_FAMILY = "1,2";
			};
			name = Release;
		};
/* End XCBuildConfiguration section */

/* Begin XCConfigurationList section */
		4C2A619D2AF973A500CD5623 /* Build configuration list for PBXProject "postCrate" */ = {
			isa = XCConfigurationList;
			buildConfigurations = (
				4C2A61B42AF973A600CD5623 /* Debug */,
				4C2A61B52AF973A600CD5623 /* Release */,
			);
			defaultConfigurationIsVisible = 0;
			defaultConfigurationName = Release;
		};
		4C2A61B62AF973A600CD5623 /* Build configuration list for PBXNativeTarget "postCrate" */ = {
			isa = XCConfigurationList;
			buildConfigurations = (
				4C2A61B72AF973A600CD5623 /* Debug */,
				4C2A61B82AF973A600CD5623 /* Release */,
			);
			defaultConfigurationIsVisible = 0;
			defaultConfigurationName = Release;
		};
/* End XCConfigurationList section */
	};
	rootObject = 4C2A619A2AF973A500CD5623 /* Project object */;
}
